
Microsoft Visual Studio Solution File, Format Version 12.00
# Visual Studio 15
VisualStudioVersion = 15.0.28307.168
MinimumVisualStudioVersion = 10.0.40219.1
Project("{FAE04EC0-301F-11D3-BF4B-00C04F79EFBC}") = "StrykerExample", "StrykerExample\StrykerExample.csproj", "{D559B6B8-6DEF-4988-AF9D-610F57B4B04E}"
EndProject
Project("{FAE04EC0-301F-11D3-BF4B-00C04F79EFBC}") = "StrykerExample.Tests", "StrykerExample.Tests\StrykerExample.Tests.csproj", "{DEEB1603-F6A3-4189-A5CF-9C766C4283BC}"
EndProject
Global
	GlobalSection(SolutionConfigurationPlatforms) = preSolution
		Debug|Any CPU = Debug|Any CPU
		Release|Any CPU = Release|Any CPU
	EndGlobalSection
	GlobalSection(ProjectConfigurationPlatforms) = postSolution
		{D559B6B8-6DEF-4988-AF9D-610F57B4B04E}.Debug|Any CPU.ActiveCfg = Debug|Any CPU
		{D559B6B8-6DEF-4988-AF9D-610F57B4B04E}.Debug|Any CPU.Build.0 = Debug|Any CPU
		{D559B6B8-6DEF-4988-AF9D-610F57B4B04E}.Release|Any CPU.ActiveCfg = Release|Any CPU
		{D559B6B8-6DEF-4988-AF9D-610F57B4B04E}.Release|Any CPU.Build.0 = Release|Any CPU
		{DEEB1603-F6A3-4189-A5CF-9C766C4283BC}.Debug|Any CPU.ActiveCfg = Debug|Any CPU
		{DEEB1603-F6A3-4189-A5CF-9C766C4283BC}.Debug|Any CPU.Build.0 = Debug|Any CPU
		{DEEB1603-F6A3-4189-A5CF-9C766C4283BC}.Release|Any CPU.ActiveCfg = Release|Any CPU
		{DEEB1603-F6A3-4189-A5CF-9C766C4283BC}.Release|Any CPU.Build.0 = Release|Any CPU
	EndGlobalSection
	GlobalSection(SolutionProperties) = preSolution
		HideSolutionNode = FALSE
	EndGlobalSection
	GlobalSection(ExtensibilityGlobals) = postSolution
		SolutionGuid = {7EF25FB1-EBF1-47D1-9A93-C14F0C55E2B2}
	EndGlobalSection
EndGlobal
